
Microsoft Visual Studio Solution File, Format Version 12.00
# Visual Studio Version 16
VisualStudioVersion = 16.0.31402.337
MinimumVisualStudioVersion = 10.0.40219.1
Project("{9A19103F-16F7-4668-BE54-9A1E7A4F7556}") = "LongHorse.CollisionLib2D", "LongHorse.CollisionLib2D\LongHorse.CollisionLib2D.csproj", "{6F0BAB53-B4A6-4574-A967-B991A096A009}"
EndProject
Project("{9A19103F-16F7-4668-BE54-9A1E7A4F7556}") = "XunitTests", "XunitTests\XunitTests.csproj", "{A97F4A8C-F6AC-4828-A7EB-6B1DBF62BA48}"
EndProject
Global
	GlobalSection(SolutionConfigurationPlatforms) = preSolution
		Debug|Any CPU = Debug|Any CPU
		Release|Any CPU = Release|Any CPU
	EndGlobalSection
	GlobalSection(ProjectConfigurationPlatforms) = postSolution
		{6F0BAB53-B4A6-4574-A967-B991A096A009}.Debug|Any CPU.ActiveCfg = Debug|Any CPU
		{6F0BAB53-B4A6-4574-A967-B991A096A009}.Debug|Any CPU.Build.0 = Debug|Any CPU
		{6F0BAB53-B4A6-4574-A967-B991A096A009}.Release|Any CPU.ActiveCfg = Release|Any CPU
		{6F0BAB53-B4A6-4574-A967-B991A096A009}.Release|Any CPU.Build.0 = Release|Any CPU
		{A97F4A8C-F6AC-4828-A7EB-6B1DBF62BA48}.Debug|Any CPU.ActiveCfg = Debug|Any CPU
		{A97F4A8C-F6AC-4828-A7EB-6B1DBF62BA48}.Debug|Any CPU.Build.0 = Debug|Any CPU
		{A97F4A8C-F6AC-4828-A7EB-6B1DBF62BA48}.Release|Any CPU.ActiveCfg = Release|Any CPU
		{A97F4A8C-F6AC-4828-A7EB-6B1DBF62BA48}.Release|Any CPU.Build.0 = Release|Any CPU
	EndGlobalSection
	GlobalSection(SolutionProperties) = preSolution
		HideSolutionNode = FALSE
	EndGlobalSection
	GlobalSection(ExtensibilityGlobals) = postSolution
		SolutionGuid = {F18C9775-5D92-44E0-89FC-8ED930EFC003}
	EndGlobalSection
EndGlobal
